
Microsoft Visual Studio Solution File, Format Version 12.00
# Visual Studio Version 17
VisualStudioVersion = 17.10.35013.160
MinimumVisualStudioVersion = 10.0.40219.1
Project("{9A19103F-16F7-4668-BE54-9A1E7A4F7556}") = "Domain", "Domain\Domain.csproj", "{BFD4B02B-A434-42BE-BA69-4883288F424A}"
EndProject
Project("{9A19103F-16F7-4668-BE54-9A1E7A4F7556}") = "Infrastructure", "Infrastructure\Infrastructure.csproj", "{ADD67ED2-0EBE-41D5-8BA2-02669346BE4A}"
EndProject
Project("{9A19103F-16F7-4668-BE54-9A1E7A4F7556}") = "Presentation", "Presentation\Presentation.csproj", "{5E29B14B-A6A1-432A-A370-44BEDE63941A}"
EndProject
Project("{FAE04EC0-301F-11D3-BF4B-00C04F79EFBC}") = "Application", "Application\Application.csproj", "{4230DB3B-41B4-4871-BD53-975FFEF45907}"
EndProject
Global
	GlobalSection(SolutionConfigurationPlatforms) = preSolution
		Debug|Any CPU = Debug|Any CPU
		Release|Any CPU = Release|Any CPU
	EndGlobalSection
	GlobalSection(ProjectConfigurationPlatforms) = postSolution
		{BFD4B02B-A434-42BE-BA69-4883288F424A}.Debug|Any CPU.ActiveCfg = Debug|Any CPU
		{BFD4B02B-A434-42BE-BA69-4883288F424A}.Debug|Any CPU.Build.0 = Debug|Any CPU
		{BFD4B02B-A434-42BE-BA69-4883288F424A}.Release|Any CPU.ActiveCfg = Release|Any CPU
		{BFD4B02B-A434-42BE-BA69-4883288F424A}.Release|Any CPU.Build.0 = Release|Any CPU
		{ADD67ED2-0EBE-41D5-8BA2-02669346BE4A}.Debug|Any CPU.ActiveCfg = Debug|Any CPU
		{ADD67ED2-0EBE-41D5-8BA2-02669346BE4A}.Debug|Any CPU.Build.0 = Debug|Any CPU
		{ADD67ED2-0EBE-41D5-8BA2-02669346BE4A}.Release|Any CPU.ActiveCfg = Release|Any CPU
		{ADD67ED2-0EBE-41D5-8BA2-02669346BE4A}.Release|Any CPU.Build.0 = Release|Any CPU
		{5E29B14B-A6A1-432A-A370-44BEDE63941A}.Debug|Any CPU.ActiveCfg = Debug|Any CPU
		{5E29B14B-A6A1-432A-A370-44BEDE63941A}.Debug|Any CPU.Build.0 = Debug|Any CPU
		{5E29B14B-A6A1-432A-A370-44BEDE63941A}.Release|Any CPU.ActiveCfg = Release|Any CPU
		{5E29B14B-A6A1-432A-A370-44BEDE63941A}.Release|Any CPU.Build.0 = Release|Any CPU
		{4230DB3B-41B4-4871-BD53-975FFEF45907}.Debug|Any CPU.ActiveCfg = Debug|Any CPU
		{4230DB3B-41B4-4871-BD53-975FFEF45907}.Debug|Any CPU.Build.0 = Debug|Any CPU
		{4230DB3B-41B4-4871-BD53-975FFEF45907}.Release|Any CPU.ActiveCfg = Release|Any CPU
		{4230DB3B-41B4-4871-BD53-975FFEF45907}.Release|Any CPU.Build.0 = Release|Any CPU
	EndGlobalSection
	GlobalSection(SolutionProperties) = preSolution
		HideSolutionNode = FALSE
	EndGlobalSection
	GlobalSection(ExtensibilityGlobals) = postSolution
		SolutionGuid = {155B0E8F-A97E-42BC-BA05-54C75DBA794D}
	EndGlobalSection
EndGlobal
